
Microsoft Visual Studio Solution File, Format Version 12.00
# Visual Studio Version 17
VisualStudioVersion = 17.9.34728.123
MinimumVisualStudioVersion = 10.0.40219.1
Project("{FAE04EC0-301F-11D3-BF4B-00C04F79EFBC}") = "Blog-Management-System", "Blog-Management-System\Blog-Management-System.csproj", "{5A12E935-6322-4C0B-82BD-28E05A73E707}"
EndProject
Global
	GlobalSection(SolutionConfigurationPlatforms) = preSolution
		Debug|Any CPU = Debug|Any CPU
		Release|Any CPU = Release|Any CPU
	EndGlobalSection
	GlobalSection(ProjectConfigurationPlatforms) = postSolution
		{5A12E935-6322-4C0B-82BD-28E05A73E707}.Debug|Any CPU.ActiveCfg = Debug|Any CPU
		{5A12E935-6322-4C0B-82BD-28E05A73E707}.Debug|Any CPU.Build.0 = Debug|Any CPU
		{5A12E935-6322-4C0B-82BD-28E05A73E707}.Release|Any CPU.ActiveCfg = Release|Any CPU
		{5A12E935-6322-4C0B-82BD-28E05A73E707}.Release|Any CPU.Build.0 = Release|Any CPU
	EndGlobalSection
	GlobalSection(SolutionProperties) = preSolution
		HideSolutionNode = FALSE
	EndGlobalSection
	GlobalSection(ExtensibilityGlobals) = postSolution
		SolutionGuid = {992FCEBB-0F98-48B2-B3D8-16F24B333D2A}
	EndGlobalSection
EndGlobal
